
Microsoft Visual Studio Solution File, Format Version 12.00
# Visual Studio Version 16
VisualStudioVersion = 16.0.30804.86
MinimumVisualStudioVersion = 10.0.40219.1
Project("{2150E333-8FDC-42A3-9474-1A3956D46DE8}") = "src", "src", "{3111C7DA-5938-4BE3-BB5D-1BA6C20BF9B4}"
EndProject
Project("{2150E333-8FDC-42A3-9474-1A3956D46DE8}") = "Core", "Core", "{2B305789-8AF3-4915-8840-2A64A0CB19A4}"
EndProject
Project("{2150E333-8FDC-42A3-9474-1A3956D46DE8}") = "Infrastructure", "Infrastructure", "{6B8C4CFC-DDFB-4146-8A66-0181F26C08D2}"
EndProject
Project("{2150E333-8FDC-42A3-9474-1A3956D46DE8}") = "Presntation", "Presntation", "{D8D2D946-6284-444C-83FA-34B8B2D156E0}"
EndProject
Project("{FAE04EC0-301F-11D3-BF4B-00C04F79EFBC}") = "Domain", "Domain\Domain.csproj", "{D6E8CE67-A218-44DB-A1C0-0864CE7941BE}"
EndProject
Project("{FAE04EC0-301F-11D3-BF4B-00C04F79EFBC}") = "Application", "Application\Application.csproj", "{FA4ABF58-66B4-4DB8-97D3-D7B3AB1724EC}"
EndProject
Project("{FAE04EC0-301F-11D3-BF4B-00C04F79EFBC}") = "Infrastructur", "Infrastructur\Infrastructur.csproj", "{F07BA8D7-91FC-427D-9D54-DBD72384DD3C}"
EndProject
Project("{FAE04EC0-301F-11D3-BF4B-00C04F79EFBC}") = "Persistence", "Persistence\Persistence.csproj", "{9D946E0F-8F42-4CCE-B13B-F2B734B23095}"
EndProject
Project("{FAE04EC0-301F-11D3-BF4B-00C04F79EFBC}") = "WebApi", "WebApi\WebApi.csproj", "{CCD721E3-0DA2-4ADE-9741-BDE2E5F6130C}"
EndProject
Global
	GlobalSection(SolutionConfigurationPlatforms) = preSolution
		Debug|Any CPU = Debug|Any CPU
		Release|Any CPU = Release|Any CPU
	EndGlobalSection
	GlobalSection(ProjectConfigurationPlatforms) = postSolution
		{D6E8CE67-A218-44DB-A1C0-0864CE7941BE}.Debug|Any CPU.ActiveCfg = Debug|Any CPU
		{D6E8CE67-A218-44DB-A1C0-0864CE7941BE}.Debug|Any CPU.Build.0 = Debug|Any CPU
		{D6E8CE67-A218-44DB-A1C0-0864CE7941BE}.Release|Any CPU.ActiveCfg = Release|Any CPU
		{D6E8CE67-A218-44DB-A1C0-0864CE7941BE}.Release|Any CPU.Build.0 = Release|Any CPU
		{FA4ABF58-66B4-4DB8-97D3-D7B3AB1724EC}.Debug|Any CPU.ActiveCfg = Debug|Any CPU
		{FA4ABF58-66B4-4DB8-97D3-D7B3AB1724EC}.Debug|Any CPU.Build.0 = Debug|Any CPU
		{FA4ABF58-66B4-4DB8-97D3-D7B3AB1724EC}.Release|Any CPU.ActiveCfg = Release|Any CPU
		{FA4ABF58-66B4-4DB8-97D3-D7B3AB1724EC}.Release|Any CPU.Build.0 = Release|Any CPU
		{F07BA8D7-91FC-427D-9D54-DBD72384DD3C}.Debug|Any CPU.ActiveCfg = Debug|Any CPU
		{F07BA8D7-91FC-427D-9D54-DBD72384DD3C}.Debug|Any CPU.Build.0 = Debug|Any CPU
		{F07BA8D7-91FC-427D-9D54-DBD72384DD3C}.Release|Any CPU.ActiveCfg = Release|Any CPU
		{F07BA8D7-91FC-427D-9D54-DBD72384DD3C}.Release|Any CPU.Build.0 = Release|Any CPU
		{9D946E0F-8F42-4CCE-B13B-F2B734B23095}.Debug|Any CPU.ActiveCfg = Debug|Any CPU
		{9D946E0F-8F42-4CCE-B13B-F2B734B23095}.Debug|Any CPU.Build.0 = Debug|Any CPU
		{9D946E0F-8F42-4CCE-B13B-F2B734B23095}.Release|Any CPU.ActiveCfg = Release|Any CPU
		{9D946E0F-8F42-4CCE-B13B-F2B734B23095}.Release|Any CPU.Build.0 = Release|Any CPU
		{CCD721E3-0DA2-4ADE-9741-BDE2E5F6130C}.Debug|Any CPU.ActiveCfg = Debug|Any CPU
		{CCD721E3-0DA2-4ADE-9741-BDE2E5F6130C}.Debug|Any CPU.Build.0 = Debug|Any CPU
		{CCD721E3-0DA2-4ADE-9741-BDE2E5F6130C}.Release|Any CPU.ActiveCfg = Release|Any CPU
		{CCD721E3-0DA2-4ADE-9741-BDE2E5F6130C}.Release|Any CPU.Build.0 = Release|Any CPU
	EndGlobalSection
	GlobalSection(SolutionProperties) = preSolution
		HideSolutionNode = FALSE
	EndGlobalSection
	GlobalSection(NestedProjects) = preSolution
		{2B305789-8AF3-4915-8840-2A64A0CB19A4} = {3111C7DA-5938-4BE3-BB5D-1BA6C20BF9B4}
		{6B8C4CFC-DDFB-4146-8A66-0181F26C08D2} = {3111C7DA-5938-4BE3-BB5D-1BA6C20BF9B4}
		{D8D2D946-6284-444C-83FA-34B8B2D156E0} = {3111C7DA-5938-4BE3-BB5D-1BA6C20BF9B4}
		{D6E8CE67-A218-44DB-A1C0-0864CE7941BE} = {2B305789-8AF3-4915-8840-2A64A0CB19A4}
		{FA4ABF58-66B4-4DB8-97D3-D7B3AB1724EC} = {2B305789-8AF3-4915-8840-2A64A0CB19A4}
		{F07BA8D7-91FC-427D-9D54-DBD72384DD3C} = {6B8C4CFC-DDFB-4146-8A66-0181F26C08D2}
		{9D946E0F-8F42-4CCE-B13B-F2B734B23095} = {6B8C4CFC-DDFB-4146-8A66-0181F26C08D2}
		{CCD721E3-0DA2-4ADE-9741-BDE2E5F6130C} = {D8D2D946-6284-444C-83FA-34B8B2D156E0}
	EndGlobalSection
	GlobalSection(ExtensibilityGlobals) = postSolution
		SolutionGuid = {9EAD00E8-80D7-49E8-B43D-550D6E8F444A}
	EndGlobalSection
EndGlobal
